
Microsoft Visual Studio Solution File, Format Version 12.00
# Visual Studio 15
VisualStudioVersion = 15.0.27130.2003
MinimumVisualStudioVersion = 10.0.40219.1
Project("{FAE04EC0-301F-11D3-BF4B-00C04F79EFBC}") = "todo", "src\todo.csproj", "{32FF143F-51B5-46F1-9D1F-038F12947B1C}"
EndProject
Project("{FAE04EC0-301F-11D3-BF4B-00C04F79EFBC}") = "Services", "Services\Services.csproj", "{BC1C6D4C-4B9B-4B12-B5DA-9EA9F3EBB628}"
EndProject
Project("{FAE04EC0-301F-11D3-BF4B-00C04F79EFBC}") = "Repository", "Repository\Repository.csproj", "{5A5A8EDA-F208-41AB-A98C-6C63237995C4}"
EndProject
Global
	GlobalSection(SolutionConfigurationPlatforms) = preSolution
		Debug|Any CPU = Debug|Any CPU
		Release|Any CPU = Release|Any CPU
	EndGlobalSection
	GlobalSection(ProjectConfigurationPlatforms) = postSolution
		{32FF143F-51B5-46F1-9D1F-038F12947B1C}.Debug|Any CPU.ActiveCfg = Debug|Any CPU
		{32FF143F-51B5-46F1-9D1F-038F12947B1C}.Debug|Any CPU.Build.0 = Debug|Any CPU
		{32FF143F-51B5-46F1-9D1F-038F12947B1C}.Release|Any CPU.ActiveCfg = Release|Any CPU
		{32FF143F-51B5-46F1-9D1F-038F12947B1C}.Release|Any CPU.Build.0 = Release|Any CPU
		{BC1C6D4C-4B9B-4B12-B5DA-9EA9F3EBB628}.Debug|Any CPU.ActiveCfg = Debug|Any CPU
		{BC1C6D4C-4B9B-4B12-B5DA-9EA9F3EBB628}.Debug|Any CPU.Build.0 = Debug|Any CPU
		{BC1C6D4C-4B9B-4B12-B5DA-9EA9F3EBB628}.Release|Any CPU.ActiveCfg = Release|Any CPU
		{BC1C6D4C-4B9B-4B12-B5DA-9EA9F3EBB628}.Release|Any CPU.Build.0 = Release|Any CPU
		{5A5A8EDA-F208-41AB-A98C-6C63237995C4}.Debug|Any CPU.ActiveCfg = Debug|Any CPU
		{5A5A8EDA-F208-41AB-A98C-6C63237995C4}.Debug|Any CPU.Build.0 = Debug|Any CPU
		{5A5A8EDA-F208-41AB-A98C-6C63237995C4}.Release|Any CPU.ActiveCfg = Release|Any CPU
		{5A5A8EDA-F208-41AB-A98C-6C63237995C4}.Release|Any CPU.Build.0 = Release|Any CPU
	EndGlobalSection
	GlobalSection(SolutionProperties) = preSolution
		HideSolutionNode = FALSE
	EndGlobalSection
	GlobalSection(ExtensibilityGlobals) = postSolution
		SolutionGuid = {88AD3CB0-FDF5-400A-8E46-E5BF34FC76E9}
	EndGlobalSection
EndGlobal
